// !$*UTF8*$!
{
	archiveVersion = 1;
	classes = {
	};
	objectVersion = 46;
	objects = {

/* Begin PBXBuildFile section */
		3D861E321BA306FA00DED4CC /* main.m in Sources */ = {isa = PBXBuildFile; fileRef = 3D861E311BA306FA00DED4CC /* main.m */; };
		3D861E351BA306FA00DED4CC /* AppDelegate.m in Sources */ = {isa = PBXBuildFile; fileRef = 3D861E341BA306FA00DED4CC /* AppDelegate.m */; };
		3D861E381BA306FA00DED4CC /* ViewController.m in Sources */ = {isa = PBXBuildFile; fileRef = 3D861E371BA306FA00DED4CC /* ViewController.m */; };
		3D861E3B1BA306FA00DED4CC /* Main.storyboard in Resources */ = {isa = PBXBuildFile; fileRef = 3D861E391BA306FA00DED4CC /* Main.storyboard */; };
		3D861E3D1BA306FA00DED4CC /* Images.xcassets in Resources */ = {isa = PBXBuildFile; fileRef = 3D861E3C1BA306FA00DED4CC /* Images.xcassets */; };
		3D861E401BA306FA00DED4CC /* LaunchScreen.xib in Resources */ = {isa = PBXBuildFile; fileRef = 3D861E3E1BA306FA00DED4CC /* LaunchScreen.xib */; };
		3D861E551BA3263100DED4CC /* libCTOpenSSLWrapper.a in Frameworks */ = {isa = PBXBuildFile; fileRef = A7AA07FE14825387009DE810 /* libCTOpenSSLWrapper.a */; };
		3DBD4B1D1BA330F00071B668 /* PGPArmorHelper.h in Headers */ = {isa = PBXBuildFile; fileRef = 3DBD4B1B1BA330F00071B668 /* PGPArmorHelper.h */; };
		3DBD4B1E1BA330F00071B668 /* PGPArmorHelper.m in Sources */ = {isa = PBXBuildFile; fileRef = 3DBD4B1C1BA330F00071B668 /* PGPArmorHelper.m */; };
		3DBD4B211BA349830071B668 /* Base64Coder.h in Headers */ = {isa = PBXBuildFile; fileRef = 3DBD4B1F1BA349830071B668 /* Base64Coder.h */; };
		3DBD4B221BA349830071B668 /* Base64Coder.m in Sources */ = {isa = PBXBuildFile; fileRef = 3DBD4B201BA349830071B668 /* Base64Coder.m */; };
		5B1E4E351BA702360086D75E /* PGPPacket.m in Sources */ = {isa = PBXBuildFile; fileRef = 5B1E4E341BA702360086D75E /* PGPPacket.m */; };
		5B1E4E381BA707390086D75E /* PGPPacketHelper.m in Sources */ = {isa = PBXBuildFile; fileRef = 5B1E4E371BA707390086D75E /* PGPPacketHelper.m */; };
		5B1E4E391BA70BE40086D75E /* libcrypto.a in Frameworks */ = {isa = PBXBuildFile; fileRef = A712DF4B14826BE700F4E399 /* libcrypto.a */; };
		5B1E4E3A1BA70BE80086D75E /* libssl.a in Frameworks */ = {isa = PBXBuildFile; fileRef = A712DF4C14826BE700F4E399 /* libssl.a */; };
		5B1E4E3C1BA7180A0086D75E /* base64DecodedData.txt in Resources */ = {isa = PBXBuildFile; fileRef = 5B1E4E3B1BA713C70086D75E /* base64DecodedData.txt */; };
		5B3B481D1BA864E9009E6503 /* privateTestKey.asc in Resources */ = {isa = PBXBuildFile; fileRef = 5B3B481C1BA864E9009E6503 /* privateTestKey.asc */; };
		8E70CEEE1BA32761003251D7 /* publicTestKey.asc in Resources */ = {isa = PBXBuildFile; fileRef = 8E70CEED1BA32761003251D7 /* publicTestKey.asc */; };
		8EE84F831BAAC4600088E1EC /* PEMHelper.m in Sources */ = {isa = PBXBuildFile; fileRef = 8EE84F811BAAC2E20088E1EC /* PEMHelper.m */; };
		8EE84F841BAAC4680088E1EC /* PEMHelper.h in Headers */ = {isa = PBXBuildFile; fileRef = 8EE84F801BAAC2E20088E1EC /* PEMHelper.h */; };
		A712DF4D14826BE700F4E399 /* libcrypto.a in Frameworks */ = {isa = PBXBuildFile; fileRef = A712DF4B14826BE700F4E399 /* libcrypto.a */; };
		A712DF4E14826BE700F4E399 /* libssl.a in Frameworks */ = {isa = PBXBuildFile; fileRef = A712DF4C14826BE700F4E399 /* libssl.a */; };
		A712DF4F1482714200F4E399 /* libcrypto.a in Frameworks */ = {isa = PBXBuildFile; fileRef = A712DF4B14826BE700F4E399 /* libcrypto.a */; };
		A712DF501482714400F4E399 /* libssl.a in Frameworks */ = {isa = PBXBuildFile; fileRef = A712DF4C14826BE700F4E399 /* libssl.a */; };
		A73718D4157E878E00AA362C /* CTOpenSSLSymmetricEncryption.h in Headers */ = {isa = PBXBuildFile; fileRef = A73718D2157E878E00AA362C /* CTOpenSSLSymmetricEncryption.h */; };
		A73718D5157E878E00AA362C /* CTOpenSSLSymmetricEncryption.m in Sources */ = {isa = PBXBuildFile; fileRef = A73718D3157E878E00AA362C /* CTOpenSSLSymmetricEncryption.m */; };
		A73718D9157E88C800AA362C /* CTOpenSSLAsymmetricEncryption.h in Headers */ = {isa = PBXBuildFile; fileRef = A73718D7157E88C800AA362C /* CTOpenSSLAsymmetricEncryption.h */; };
		A73718DA157E88C800AA362C /* CTOpenSSLAsymmetricEncryption.m in Sources */ = {isa = PBXBuildFile; fileRef = A73718D8157E88C800AA362C /* CTOpenSSLAsymmetricEncryption.m */; };
		A7371965157FE36400AA362C /* NSString+CTOpenSSL.h in Headers */ = {isa = PBXBuildFile; fileRef = A7371963157FE36400AA362C /* NSString+CTOpenSSL.h */; };
		A7371966157FE36400AA362C /* NSString+CTOpenSSL.m in Sources */ = {isa = PBXBuildFile; fileRef = A7371964157FE36400AA362C /* NSString+CTOpenSSL.m */; };
		A74A5A69157D3E64000C62B9 /* NSData+CTOpenSSL.h in Headers */ = {isa = PBXBuildFile; fileRef = A74A5A67157D3E64000C62B9 /* NSData+CTOpenSSL.h */; };
		A74A5A6A157D3E64000C62B9 /* NSData+CTOpenSSL.m in Sources */ = {isa = PBXBuildFile; fileRef = A74A5A68157D3E64000C62B9 /* NSData+CTOpenSSL.m */; };
		A74A5AF2157E81B2000C62B9 /* CTOpenSSLDigest.h in Headers */ = {isa = PBXBuildFile; fileRef = A74A5AF0157E81B2000C62B9 /* CTOpenSSLDigest.h */; };
		A74A5AF3157E81B2000C62B9 /* CTOpenSSLDigest.m in Sources */ = {isa = PBXBuildFile; fileRef = A74A5AF1157E81B2000C62B9 /* CTOpenSSLDigest.m */; };
		A7AA080214825387009DE810 /* Foundation.framework in Frameworks */ = {isa = PBXBuildFile; fileRef = A7AA080114825387009DE810 /* Foundation.framework */; };
		A7AA080814825387009DE810 /* CTOpenSSLWrapper.m in Sources */ = {isa = PBXBuildFile; fileRef = A7AA080714825387009DE810 /* CTOpenSSLWrapper.m */; };
		A7AA081014825387009DE810 /* SenTestingKit.framework in Frameworks */ = {isa = PBXBuildFile; fileRef = A7AA080F14825387009DE810 /* SenTestingKit.framework */; };
		A7AA081314825387009DE810 /* Foundation.framework in Frameworks */ = {isa = PBXBuildFile; fileRef = A7AA080114825387009DE810 /* Foundation.framework */; };
		A7AA081614825387009DE810 /* libCTOpenSSLWrapper.a in Frameworks */ = {isa = PBXBuildFile; fileRef = A7AA07FE14825387009DE810 /* libCTOpenSSLWrapper.a */; };
		A7AA081C14825387009DE810 /* InfoPlist.strings in Resources */ = {isa = PBXBuildFile; fileRef = A7AA081A14825387009DE810 /* InfoPlist.strings */; };
		A7AA081F14825387009DE810 /* CTOpenSSLWrapperTests.m in Sources */ = {isa = PBXBuildFile; fileRef = A7AA081E14825387009DE810 /* CTOpenSSLWrapperTests.m */; };
/* End PBXBuildFile section */

/* Begin PBXContainerItemProxy section */
		3D861E531BA3262100DED4CC /* PBXContainerItemProxy */ = {
			isa = PBXContainerItemProxy;
			containerPortal = A7AA07F514825387009DE810 /* Project object */;
			proxyType = 1;
			remoteGlobalIDString = A7AA07FD14825387009DE810;
			remoteInfo = CTOpenSSLWrapper;
		};
		A7AA081414825387009DE810 /* PBXContainerItemProxy */ = {
			isa = PBXContainerItemProxy;
			containerPortal = A7AA07F514825387009DE810 /* Project object */;
			proxyType = 1;
			remoteGlobalIDString = A7AA07FD14825387009DE810;
			remoteInfo = CTOpenSSLWrapper;
		};
/* End PBXContainerItemProxy section */

/* Begin PBXFileReference section */
		3D861E2D1BA306FA00DED4CC /* OpenSSLWrapperTest.app */ = {isa = PBXFileReference; explicitFileType = wrapper.application; includeInIndex = 0; path = OpenSSLWrapperTest.app; sourceTree = BUILT_PRODUCTS_DIR; };
		3D861E301BA306FA00DED4CC /* Info.plist */ = {isa = PBXFileReference; lastKnownFileType = text.plist.xml; path = Info.plist; sourceTree = "<group>"; };
		3D861E311BA306FA00DED4CC /* main.m */ = {isa = PBXFileReference; lastKnownFileType = sourcecode.c.objc; path = main.m; sourceTree = "<group>"; };
		3D861E331BA306FA00DED4CC /* AppDelegate.h */ = {isa = PBXFileReference; lastKnownFileType = sourcecode.c.h; path = AppDelegate.h; sourceTree = "<group>"; };
		3D861E341BA306FA00DED4CC /* AppDelegate.m */ = {isa = PBXFileReference; lastKnownFileType = sourcecode.c.objc; path = AppDelegate.m; sourceTree = "<group>"; };
		3D861E361BA306FA00DED4CC /* ViewController.h */ = {isa = PBXFileReference; lastKnownFileType = sourcecode.c.h; path = ViewController.h; sourceTree = "<group>"; };
		3D861E371BA306FA00DED4CC /* ViewController.m */ = {isa = PBXFileReference; lastKnownFileType = sourcecode.c.objc; path = ViewController.m; sourceTree = "<group>"; };
		3D861E3A1BA306FA00DED4CC /* Base */ = {isa = PBXFileReference; lastKnownFileType = file.storyboard; name = Base; path = Base.lproj/Main.storyboard; sourceTree = "<group>"; };
		3D861E3C1BA306FA00DED4CC /* Images.xcassets */ = {isa = PBXFileReference; lastKnownFileType = folder.assetcatalog; path = Images.xcassets; sourceTree = "<group>"; };
		3D861E3F1BA306FA00DED4CC /* Base */ = {isa = PBXFileReference; lastKnownFileType = file.xib; name = Base; path = Base.lproj/LaunchScreen.xib; sourceTree = "<group>"; };
		3DBD4B1B1BA330F00071B668 /* PGPArmorHelper.h */ = {isa = PBXFileReference; fileEncoding = 4; lastKnownFileType = sourcecode.c.h; name = PGPArmorHelper.h; path = CTOpenSSLWrapper/PGPArmorHelper.h; sourceTree = "<group>"; };
		3DBD4B1C1BA330F00071B668 /* PGPArmorHelper.m */ = {isa = PBXFileReference; fileEncoding = 4; lastKnownFileType = sourcecode.c.objc; name = PGPArmorHelper.m; path = CTOpenSSLWrapper/PGPArmorHelper.m; sourceTree = "<group>"; };
		3DBD4B1F1BA349830071B668 /* Base64Coder.h */ = {isa = PBXFileReference; fileEncoding = 4; lastKnownFileType = sourcecode.c.h; name = Base64Coder.h; path = CTOpenSSLWrapper/Base64Coder.h; sourceTree = "<group>"; };
		3DBD4B201BA349830071B668 /* Base64Coder.m */ = {isa = PBXFileReference; fileEncoding = 4; lastKnownFileType = sourcecode.c.objc; name = Base64Coder.m; path = CTOpenSSLWrapper/Base64Coder.m; sourceTree = "<group>"; };
		5B1E4E331BA702360086D75E /* PGPPacket.h */ = {isa = PBXFileReference; fileEncoding = 4; lastKnownFileType = sourcecode.c.h; name = PGPPacket.h; path = CTOpenSSLWrapper/PGPPacket.h; sourceTree = "<group>"; };
		5B1E4E341BA702360086D75E /* PGPPacket.m */ = {isa = PBXFileReference; fileEncoding = 4; lastKnownFileType = sourcecode.c.objc; name = PGPPacket.m; path = CTOpenSSLWrapper/PGPPacket.m; sourceTree = "<group>"; };
		5B1E4E361BA707390086D75E /* PGPPacketHelper.h */ = {isa = PBXFileReference; fileEncoding = 4; lastKnownFileType = sourcecode.c.h; name = PGPPacketHelper.h; path = CTOpenSSLWrapper/PGPPacketHelper.h; sourceTree = "<group>"; };
		5B1E4E371BA707390086D75E /* PGPPacketHelper.m */ = {isa = PBXFileReference; fileEncoding = 4; lastKnownFileType = sourcecode.c.objc; name = PGPPacketHelper.m; path = CTOpenSSLWrapper/PGPPacketHelper.m; sourceTree = "<group>"; };
		5B1E4E3B1BA713C70086D75E /* base64DecodedData.txt */ = {isa = PBXFileReference; lastKnownFileType = text; path = base64DecodedData.txt; sourceTree = "<group>"; };
		5B3B481C1BA864E9009E6503 /* privateTestKey.asc */ = {isa = PBXFileReference; fileEncoding = 4; lastKnownFileType = text; path = privateTestKey.asc; sourceTree = "<group>"; };
		8E70CEED1BA32761003251D7 /* publicTestKey.asc */ = {isa = PBXFileReference; fileEncoding = 4; lastKnownFileType = text; path = publicTestKey.asc; sourceTree = "<group>"; };
		8EE84F801BAAC2E20088E1EC /* PEMHelper.h */ = {isa = PBXFileReference; fileEncoding = 4; lastKnownFileType = sourcecode.c.h; name = PEMHelper.h; path = CTOpenSSLWrapper/PEMHelper.h; sourceTree = "<group>"; };
		8EE84F811BAAC2E20088E1EC /* PEMHelper.m */ = {isa = PBXFileReference; fileEncoding = 4; lastKnownFileType = sourcecode.c.objc; name = PEMHelper.m; path = CTOpenSSLWrapper/PEMHelper.m; sourceTree = "<group>"; };
		A712DF4B14826BE700F4E399 /* libcrypto.a */ = {isa = PBXFileReference; lastKnownFileType = archive.ar; path = libcrypto.a; sourceTree = "<group>"; };
		A712DF4C14826BE700F4E399 /* libssl.a */ = {isa = PBXFileReference; lastKnownFileType = archive.ar; path = libssl.a; sourceTree = "<group>"; };
		A73718D2157E878E00AA362C /* CTOpenSSLSymmetricEncryption.h */ = {isa = PBXFileReference; fileEncoding = 4; lastKnownFileType = sourcecode.c.h; path = CTOpenSSLSymmetricEncryption.h; sourceTree = "<group>"; };
		A73718D3157E878E00AA362C /* CTOpenSSLSymmetricEncryption.m */ = {isa = PBXFileReference; fileEncoding = 4; lastKnownFileType = sourcecode.c.objc; path = CTOpenSSLSymmetricEncryption.m; sourceTree = "<group>"; };
		A73718D7157E88C800AA362C /* CTOpenSSLAsymmetricEncryption.h */ = {isa = PBXFileReference; fileEncoding = 4; lastKnownFileType = sourcecode.c.h; path = CTOpenSSLAsymmetricEncryption.h; sourceTree = "<group>"; };
		A73718D8157E88C800AA362C /* CTOpenSSLAsymmetricEncryption.m */ = {isa = PBXFileReference; fileEncoding = 4; lastKnownFileType = sourcecode.c.objc; path = CTOpenSSLAsymmetricEncryption.m; sourceTree = "<group>"; };
		A7371963157FE36400AA362C /* NSString+CTOpenSSL.h */ = {isa = PBXFileReference; fileEncoding = 4; lastKnownFileType = sourcecode.c.h; path = "NSString+CTOpenSSL.h"; sourceTree = "<group>"; };
		A7371964157FE36400AA362C /* NSString+CTOpenSSL.m */ = {isa = PBXFileReference; fileEncoding = 4; lastKnownFileType = sourcecode.c.objc; path = "NSString+CTOpenSSL.m"; sourceTree = "<group>"; };
		A74A5A67157D3E64000C62B9 /* NSData+CTOpenSSL.h */ = {isa = PBXFileReference; fileEncoding = 4; lastKnownFileType = sourcecode.c.h; path = "NSData+CTOpenSSL.h"; sourceTree = "<group>"; };
		A74A5A68157D3E64000C62B9 /* NSData+CTOpenSSL.m */ = {isa = PBXFileReference; fileEncoding = 4; lastKnownFileType = sourcecode.c.objc; path = "NSData+CTOpenSSL.m"; sourceTree = "<group>"; };
		A74A5AF0157E81B2000C62B9 /* CTOpenSSLDigest.h */ = {isa = PBXFileReference; fileEncoding = 4; lastKnownFileType = sourcecode.c.h; path = CTOpenSSLDigest.h; sourceTree = "<group>"; };
		A74A5AF1157E81B2000C62B9 /* CTOpenSSLDigest.m */ = {isa = PBXFileReference; fileEncoding = 4; lastKnownFileType = sourcecode.c.objc; path = CTOpenSSLDigest.m; sourceTree = "<group>"; };
		A7AA07FE14825387009DE810 /* libCTOpenSSLWrapper.a */ = {isa = PBXFileReference; explicitFileType = archive.ar; includeInIndex = 0; path = libCTOpenSSLWrapper.a; sourceTree = BUILT_PRODUCTS_DIR; };
		A7AA080114825387009DE810 /* Foundation.framework */ = {isa = PBXFileReference; lastKnownFileType = wrapper.framework; name = Foundation.framework; path = System/Library/Frameworks/Foundation.framework; sourceTree = SDKROOT; };
		A7AA080514825387009DE810 /* CTOpenSSLWrapper-Prefix.pch */ = {isa = PBXFileReference; lastKnownFileType = sourcecode.c.h; path = "CTOpenSSLWrapper-Prefix.pch"; sourceTree = "<group>"; };
		A7AA080614825387009DE810 /* CTOpenSSLWrapper.h */ = {isa = PBXFileReference; lastKnownFileType = sourcecode.c.h; path = CTOpenSSLWrapper.h; sourceTree = "<group>"; };
		A7AA080714825387009DE810 /* CTOpenSSLWrapper.m */ = {isa = PBXFileReference; lastKnownFileType = sourcecode.c.objc; path = CTOpenSSLWrapper.m; sourceTree = "<group>"; };
		A7AA080E14825387009DE810 /* CTOpenSSLWrapperTests.octest */ = {isa = PBXFileReference; explicitFileType = wrapper.cfbundle; includeInIndex = 0; path = CTOpenSSLWrapperTests.octest; sourceTree = BUILT_PRODUCTS_DIR; };
		A7AA080F14825387009DE810 /* SenTestingKit.framework */ = {isa = PBXFileReference; lastKnownFileType = wrapper.framework; name = SenTestingKit.framework; path = Library/Frameworks/SenTestingKit.framework; sourceTree = DEVELOPER_DIR; };
		A7AA081914825387009DE810 /* CTOpenSSLWrapperTests-Info.plist */ = {isa = PBXFileReference; lastKnownFileType = text.plist.xml; path = "CTOpenSSLWrapperTests-Info.plist"; sourceTree = "<group>"; };
		A7AA081B14825387009DE810 /* en */ = {isa = PBXFileReference; lastKnownFileType = text.plist.strings; name = en; path = en.lproj/InfoPlist.strings; sourceTree = "<group>"; };
		A7AA081D14825387009DE810 /* CTOpenSSLWrapperTests.h */ = {isa = PBXFileReference; lastKnownFileType = sourcecode.c.h; path = CTOpenSSLWrapperTests.h; sourceTree = "<group>"; };
		A7AA081E14825387009DE810 /* CTOpenSSLWrapperTests.m */ = {isa = PBXFileReference; lastKnownFileType = sourcecode.c.objc; path = CTOpenSSLWrapperTests.m; sourceTree = "<group>"; };
/* End PBXFileReference section */

/* Begin PBXFrameworksBuildPhase section */
		3D861E2A1BA306FA00DED4CC /* Frameworks */ = {
			isa = PBXFrameworksBuildPhase;
			buildActionMask = 2147483647;
			files = (
				5B1E4E391BA70BE40086D75E /* libcrypto.a in Frameworks */,
				3D861E551BA3263100DED4CC /* libCTOpenSSLWrapper.a in Frameworks */,
				5B1E4E3A1BA70BE80086D75E /* libssl.a in Frameworks */,
			);
			runOnlyForDeploymentPostprocessing = 0;
		};
		A7AA07FB14825387009DE810 /* Frameworks */ = {
			isa = PBXFrameworksBuildPhase;
			buildActionMask = 2147483647;
			files = (
				A7AA080214825387009DE810 /* Foundation.framework in Frameworks */,
				A712DF4D14826BE700F4E399 /* libcrypto.a in Frameworks */,
				A712DF4E14826BE700F4E399 /* libssl.a in Frameworks */,
			);
			runOnlyForDeploymentPostprocessing = 0;
		};
		A7AA080A14825387009DE810 /* Frameworks */ = {
			isa = PBXFrameworksBuildPhase;
			buildActionMask = 2147483647;
			files = (
				A7AA081014825387009DE810 /* SenTestingKit.framework in Frameworks */,
				A7AA081314825387009DE810 /* Foundation.framework in Frameworks */,
				A712DF4F1482714200F4E399 /* libcrypto.a in Frameworks */,
				A712DF501482714400F4E399 /* libssl.a in Frameworks */,
				A7AA081614825387009DE810 /* libCTOpenSSLWrapper.a in Frameworks */,
			);
			runOnlyForDeploymentPostprocessing = 0;
		};
/* End PBXFrameworksBuildPhase section */

/* Begin PBXGroup section */
		3D861E2E1BA306FA00DED4CC /* OpenSSLWrapperTest */ = {
			isa = PBXGroup;
			children = (
				8E70CEED1BA32761003251D7 /* publicTestKey.asc */,
				5B3B481C1BA864E9009E6503 /* privateTestKey.asc */,
				5B1E4E3B1BA713C70086D75E /* base64DecodedData.txt */,
				3D861E331BA306FA00DED4CC /* AppDelegate.h */,
				3D861E341BA306FA00DED4CC /* AppDelegate.m */,
				3D861E361BA306FA00DED4CC /* ViewController.h */,
				3D861E371BA306FA00DED4CC /* ViewController.m */,
				3D861E391BA306FA00DED4CC /* Main.storyboard */,
				3D861E3C1BA306FA00DED4CC /* Images.xcassets */,
				3D861E3E1BA306FA00DED4CC /* LaunchScreen.xib */,
				3D861E2F1BA306FA00DED4CC /* Supporting Files */,
			);
			path = OpenSSLWrapperTest;
			sourceTree = "<group>";
		};
		3D861E2F1BA306FA00DED4CC /* Supporting Files */ = {
			isa = PBXGroup;
			children = (
				3D861E301BA306FA00DED4CC /* Info.plist */,
				3D861E311BA306FA00DED4CC /* main.m */,
			);
			name = "Supporting Files";
			sourceTree = "<group>";
		};
		A73718D0157E878200AA362C /* CTOpenSSLSymmetricEncryption */ = {
			isa = PBXGroup;
			children = (
				A73718D2157E878E00AA362C /* CTOpenSSLSymmetricEncryption.h */,
				A73718D3157E878E00AA362C /* CTOpenSSLSymmetricEncryption.m */,
			);
			path = CTOpenSSLSymmetricEncryption;
			sourceTree = "<group>";
		};
		A73718D6157E88B900AA362C /* CTOpenSSLAsymmetricEncryption */ = {
			isa = PBXGroup;
			children = (
				A73718D7157E88C800AA362C /* CTOpenSSLAsymmetricEncryption.h */,
				A73718D8157E88C800AA362C /* CTOpenSSLAsymmetricEncryption.m */,
			);
			path = CTOpenSSLAsymmetricEncryption;
			sourceTree = "<group>";
		};
		A7371961157FE35700AA362C /* NSString */ = {
			isa = PBXGroup;
			children = (
				A7371963157FE36400AA362C /* NSString+CTOpenSSL.h */,
				A7371964157FE36400AA362C /* NSString+CTOpenSSL.m */,
			);
			path = NSString;
			sourceTree = "<group>";
		};
		A74A5A64157D3E50000C62B9 /* FrameworkAddtions */ = {
			isa = PBXGroup;
			children = (
				A74A5A65157D3E50000C62B9 /* Foundation */,
			);
			path = FrameworkAddtions;
			sourceTree = "<group>";
		};
		A74A5A65157D3E50000C62B9 /* Foundation */ = {
			isa = PBXGroup;
			children = (
				A74A5A66157D3E50000C62B9 /* NSData */,
				A7371961157FE35700AA362C /* NSString */,
			);
			path = Foundation;
			sourceTree = "<group>";
		};
		A74A5A66157D3E50000C62B9 /* NSData */ = {
			isa = PBXGroup;
			children = (
				A74A5A67157D3E64000C62B9 /* NSData+CTOpenSSL.h */,
				A74A5A68157D3E64000C62B9 /* NSData+CTOpenSSL.m */,
			);
			path = NSData;
			sourceTree = "<group>";
		};
		A74A5AEF157E819D000C62B9 /* CTOpenSSLDigest */ = {
			isa = PBXGroup;
			children = (
				A74A5AF0157E81B2000C62B9 /* CTOpenSSLDigest.h */,
				A74A5AF1157E81B2000C62B9 /* CTOpenSSLDigest.m */,
			);
			path = CTOpenSSLDigest;
			sourceTree = "<group>";
		};
		A7AA07F314825387009DE810 = {
			isa = PBXGroup;
			children = (
				A7AA080314825387009DE810 /* CTOpenSSLWrapper */,
				3DBD4B1B1BA330F00071B668 /* PGPArmorHelper.h */,
				3DBD4B1C1BA330F00071B668 /* PGPArmorHelper.m */,
				5B1E4E331BA702360086D75E /* PGPPacket.h */,
				5B1E4E341BA702360086D75E /* PGPPacket.m */,
				5B1E4E361BA707390086D75E /* PGPPacketHelper.h */,
				5B1E4E371BA707390086D75E /* PGPPacketHelper.m */,
				3DBD4B1F1BA349830071B668 /* Base64Coder.h */,
				3DBD4B201BA349830071B668 /* Base64Coder.m */,
				8EE84F801BAAC2E20088E1EC /* PEMHelper.h */,
				8EE84F811BAAC2E20088E1EC /* PEMHelper.m */,
				A7AA081714825387009DE810 /* CTOpenSSLWrapperTests */,
				3D861E2E1BA306FA00DED4CC /* OpenSSLWrapperTest */,
				A7AA080014825387009DE810 /* Frameworks */,
				A7AA07FF14825387009DE810 /* Products */,
			);
			sourceTree = "<group>";
		};
		A7AA07FF14825387009DE810 /* Products */ = {
			isa = PBXGroup;
			children = (
				A7AA07FE14825387009DE810 /* libCTOpenSSLWrapper.a */,
				A7AA080E14825387009DE810 /* CTOpenSSLWrapperTests.octest */,
				3D861E2D1BA306FA00DED4CC /* OpenSSLWrapperTest.app */,
			);
			name = Products;
			sourceTree = "<group>";
		};
		A7AA080014825387009DE810 /* Frameworks */ = {
			isa = PBXGroup;
			children = (
				A712DF4B14826BE700F4E399 /* libcrypto.a */,
				A712DF4C14826BE700F4E399 /* libssl.a */,
				A7AA080114825387009DE810 /* Foundation.framework */,
				A7AA080F14825387009DE810 /* SenTestingKit.framework */,
			);
			name = Frameworks;
			sourceTree = "<group>";
		};
		A7AA080314825387009DE810 /* CTOpenSSLWrapper */ = {
			isa = PBXGroup;
			children = (
				A73718D6157E88B900AA362C /* CTOpenSSLAsymmetricEncryption */,
				A74A5AEF157E819D000C62B9 /* CTOpenSSLDigest */,
				A73718D0157E878200AA362C /* CTOpenSSLSymmetricEncryption */,
				A74A5A64157D3E50000C62B9 /* FrameworkAddtions */,
				A7AA080614825387009DE810 /* CTOpenSSLWrapper.h */,
				A7AA080714825387009DE810 /* CTOpenSSLWrapper.m */,
				A7AA080414825387009DE810 /* Supporting Files */,
			);
			path = CTOpenSSLWrapper;
			sourceTree = "<group>";
		};
		A7AA080414825387009DE810 /* Supporting Files */ = {
			isa = PBXGroup;
			children = (
				A7AA080514825387009DE810 /* CTOpenSSLWrapper-Prefix.pch */,
			);
			name = "Supporting Files";
			sourceTree = "<group>";
		};
		A7AA081714825387009DE810 /* CTOpenSSLWrapperTests */ = {
			isa = PBXGroup;
			children = (
				A7AA081D14825387009DE810 /* CTOpenSSLWrapperTests.h */,
				A7AA081E14825387009DE810 /* CTOpenSSLWrapperTests.m */,
				A7AA081814825387009DE810 /* Supporting Files */,
			);
			path = CTOpenSSLWrapperTests;
			sourceTree = "<group>";
		};
		A7AA081814825387009DE810 /* Supporting Files */ = {
			isa = PBXGroup;
			children = (
				A7AA081914825387009DE810 /* CTOpenSSLWrapperTests-Info.plist */,
				A7AA081A14825387009DE810 /* InfoPlist.strings */,
			);
			name = "Supporting Files";
			sourceTree = "<group>";
		};
/* End PBXGroup section */

/* Begin PBXHeadersBuildPhase section */
		A7AA07FC14825387009DE810 /* Headers */ = {
			isa = PBXHeadersBuildPhase;
			buildActionMask = 2147483647;
			files = (
				3DBD4B211BA349830071B668 /* Base64Coder.h in Headers */,
				A74A5A69157D3E64000C62B9 /* NSData+CTOpenSSL.h in Headers */,
				A74A5AF2157E81B2000C62B9 /* CTOpenSSLDigest.h in Headers */,
				8EE84F841BAAC4680088E1EC /* PEMHelper.h in Headers */,
				A73718D4157E878E00AA362C /* CTOpenSSLSymmetricEncryption.h in Headers */,
				A73718D9157E88C800AA362C /* CTOpenSSLAsymmetricEncryption.h in Headers */,
				3DBD4B1D1BA330F00071B668 /* PGPArmorHelper.h in Headers */,
				A7371965157FE36400AA362C /* NSString+CTOpenSSL.h in Headers */,
			);
			runOnlyForDeploymentPostprocessing = 0;
		};
/* End PBXHeadersBuildPhase section */

/* Begin PBXNativeTarget section */
		3D861E2C1BA306FA00DED4CC /* OpenSSLWrapperTest */ = {
			isa = PBXNativeTarget;
			buildConfigurationList = 3D861E4D1BA306FB00DED4CC /* Build configuration list for PBXNativeTarget "OpenSSLWrapperTest" */;
			buildPhases = (
				3D861E291BA306FA00DED4CC /* Sources */,
				3D861E2A1BA306FA00DED4CC /* Frameworks */,
				3D861E2B1BA306FA00DED4CC /* Resources */,
			);
			buildRules = (
			);
			dependencies = (
				3D861E541BA3262100DED4CC /* PBXTargetDependency */,
			);
			name = OpenSSLWrapperTest;
			productName = OpenSSLWrapperTest;
			productReference = 3D861E2D1BA306FA00DED4CC /* OpenSSLWrapperTest.app */;
			productType = "com.apple.product-type.application";
		};
		A7AA07FD14825387009DE810 /* CTOpenSSLWrapper */ = {
			isa = PBXNativeTarget;
			buildConfigurationList = A7AA082214825387009DE810 /* Build configuration list for PBXNativeTarget "CTOpenSSLWrapper" */;
			buildPhases = (
				A7AA07FA14825387009DE810 /* Sources */,
				A7AA07FB14825387009DE810 /* Frameworks */,
				A7AA07FC14825387009DE810 /* Headers */,
			);
			buildRules = (
			);
			dependencies = (
			);
			name = CTOpenSSLWrapper;
			productName = CTOpenSSLWrapper;
			productReference = A7AA07FE14825387009DE810 /* libCTOpenSSLWrapper.a */;
			productType = "com.apple.product-type.library.static";
		};
		A7AA080D14825387009DE810 /* CTOpenSSLWrapperTests */ = {
			isa = PBXNativeTarget;
			buildConfigurationList = A7AA082514825387009DE810 /* Build configuration list for PBXNativeTarget "CTOpenSSLWrapperTests" */;
			buildPhases = (
				A7AA080914825387009DE810 /* Sources */,
				A7AA080A14825387009DE810 /* Frameworks */,
				A7AA080B14825387009DE810 /* Resources */,
				A7AA080C14825387009DE810 /* ShellScript */,
			);
			buildRules = (
			);
			dependencies = (
				A7AA081514825387009DE810 /* PBXTargetDependency */,
			);
			name = CTOpenSSLWrapperTests;
			productName = CTOpenSSLWrapperTests;
			productReference = A7AA080E14825387009DE810 /* CTOpenSSLWrapperTests.octest */;
			productType = "com.apple.product-type.bundle.ocunit-test";
		};
/* End PBXNativeTarget section */

/* Begin PBXProject section */
		A7AA07F514825387009DE810 /* Project object */ = {
			isa = PBXProject;
			attributes = {
				LastUpgradeCheck = 0460;
				ORGANIZATIONNAME = Home;
				TargetAttributes = {
					3D861E2C1BA306FA00DED4CC = {
						CreatedOnToolsVersion = 6.4;
					};
				};
			};
			buildConfigurationList = A7AA07F814825387009DE810 /* Build configuration list for PBXProject "CTOpenSSLWrapper" */;
			compatibilityVersion = "Xcode 3.2";
			developmentRegion = English;
			hasScannedForEncodings = 0;
			knownRegions = (
				en,
				Base,
			);
			mainGroup = A7AA07F314825387009DE810;
			productRefGroup = A7AA07FF14825387009DE810 /* Products */;
			projectDirPath = "";
			projectRoot = "";
			targets = (
				3D861E2C1BA306FA00DED4CC /* OpenSSLWrapperTest */,
				A7AA07FD14825387009DE810 /* CTOpenSSLWrapper */,
				A7AA080D14825387009DE810 /* CTOpenSSLWrapperTests */,
			);
		};
/* End PBXProject section */

/* Begin PBXResourcesBuildPhase section */
		3D861E2B1BA306FA00DED4CC /* Resources */ = {
			isa = PBXResourcesBuildPhase;
			buildActionMask = 2147483647;
			files = (
				3D861E3B1BA306FA00DED4CC /* Main.storyboard in Resources */,
				3D861E401BA306FA00DED4CC /* LaunchScreen.xib in Resources */,
				8E70CEEE1BA32761003251D7 /* publicTestKey.asc in Resources */,
				5B3B481D1BA864E9009E6503 /* privateTestKey.asc in Resources */,
				3D861E3D1BA306FA00DED4CC /* Images.xcassets in Resources */,
				5B1E4E3C1BA7180A0086D75E /* base64DecodedData.txt in Resources */,
			);
			runOnlyForDeploymentPostprocessing = 0;
		};
		A7AA080B14825387009DE810 /* Resources */ = {
			isa = PBXResourcesBuildPhase;
			buildActionMask = 2147483647;
			files = (
				A7AA081C14825387009DE810 /* InfoPlist.strings in Resources */,
			);
			runOnlyForDeploymentPostprocessing = 0;
		};
/* End PBXResourcesBuildPhase section */

/* Begin PBXShellScriptBuildPhase section */
		A7AA080C14825387009DE810 /* ShellScript */ = {
			isa = PBXShellScriptBuildPhase;
			buildActionMask = 2147483647;
			files = (
			);
			inputPaths = (
			);
			outputPaths = (
			);
			runOnlyForDeploymentPostprocessing = 0;
			shellPath = /bin/sh;
			shellScript = "# Run the unit tests in this test bundle.\n\"${SYSTEM_DEVELOPER_DIR}/Tools/RunUnitTests\"\n";
		};
/* End PBXShellScriptBuildPhase section */

/* Begin PBXSourcesBuildPhase section */
		3D861E291BA306FA00DED4CC /* Sources */ = {
			isa = PBXSourcesBuildPhase;
			buildActionMask = 2147483647;
			files = (
				5B1E4E381BA707390086D75E /* PGPPacketHelper.m in Sources */,
				3D861E381BA306FA00DED4CC /* ViewController.m in Sources */,
				5B1E4E351BA702360086D75E /* PGPPacket.m in Sources */,
				3D861E351BA306FA00DED4CC /* AppDelegate.m in Sources */,
				3D861E321BA306FA00DED4CC /* main.m in Sources */,
			);
			runOnlyForDeploymentPostprocessing = 0;
		};
		A7AA07FA14825387009DE810 /* Sources */ = {
			isa = PBXSourcesBuildPhase;
			buildActionMask = 2147483647;
			files = (
				A7AA080814825387009DE810 /* CTOpenSSLWrapper.m in Sources */,
				A74A5A6A157D3E64000C62B9 /* NSData+CTOpenSSL.m in Sources */,
				8EE84F831BAAC4600088E1EC /* PEMHelper.m in Sources */,
				3DBD4B221BA349830071B668 /* Base64Coder.m in Sources */,
				A74A5AF3157E81B2000C62B9 /* CTOpenSSLDigest.m in Sources */,
				A73718D5157E878E00AA362C /* CTOpenSSLSymmetricEncryption.m in Sources */,
				A73718DA157E88C800AA362C /* CTOpenSSLAsymmetricEncryption.m in Sources */,
				3DBD4B1E1BA330F00071B668 /* PGPArmorHelper.m in Sources */,
				A7371966157FE36400AA362C /* NSString+CTOpenSSL.m in Sources */,
			);
			runOnlyForDeploymentPostprocessing = 0;
		};
		A7AA080914825387009DE810 /* Sources */ = {
			isa = PBXSourcesBuildPhase;
			buildActionMask = 2147483647;
			files = (
				A7AA081F14825387009DE810 /* CTOpenSSLWrapperTests.m in Sources */,
			);
			runOnlyForDeploymentPostprocessing = 0;
		};
/* End PBXSourcesBuildPhase section */

/* Begin PBXTargetDependency section */
		3D861E541BA3262100DED4CC /* PBXTargetDependency */ = {
			isa = PBXTargetDependency;
			target = A7AA07FD14825387009DE810 /* CTOpenSSLWrapper */;
			targetProxy = 3D861E531BA3262100DED4CC /* PBXContainerItemProxy */;
		};
		A7AA081514825387009DE810 /* PBXTargetDependency */ = {
			isa = PBXTargetDependency;
			target = A7AA07FD14825387009DE810 /* CTOpenSSLWrapper */;
			targetProxy = A7AA081414825387009DE810 /* PBXContainerItemProxy */;
		};
/* End PBXTargetDependency section */

/* Begin PBXVariantGroup section */
		3D861E391BA306FA00DED4CC /* Main.storyboard */ = {
			isa = PBXVariantGroup;
			children = (
				3D861E3A1BA306FA00DED4CC /* Base */,
			);
			name = Main.storyboard;
			sourceTree = "<group>";
		};
		3D861E3E1BA306FA00DED4CC /* LaunchScreen.xib */ = {
			isa = PBXVariantGroup;
			children = (
				3D861E3F1BA306FA00DED4CC /* Base */,
			);
			name = LaunchScreen.xib;
			sourceTree = "<group>";
		};
		A7AA081A14825387009DE810 /* InfoPlist.strings */ = {
			isa = PBXVariantGroup;
			children = (
				A7AA081B14825387009DE810 /* en */,
			);
			name = InfoPlist.strings;
			sourceTree = "<group>";
		};
/* End PBXVariantGroup section */

/* Begin XCBuildConfiguration section */
		3D861E4E1BA306FB00DED4CC /* Debug */ = {
			isa = XCBuildConfiguration;
			buildSettings = {
				ALWAYS_SEARCH_USER_PATHS = NO;
				ASSETCATALOG_COMPILER_APPICON_NAME = AppIcon;
				CLANG_CXX_LANGUAGE_STANDARD = "gnu++0x";
				CLANG_CXX_LIBRARY = "libc++";
				CLANG_ENABLE_MODULES = YES;
				CLANG_WARN_BOOL_CONVERSION = YES;
				CLANG_WARN_DIRECT_OBJC_ISA_USAGE = YES_ERROR;
				CLANG_WARN_EMPTY_BODY = YES;
				CLANG_WARN_OBJC_ROOT_CLASS = YES_ERROR;
				CLANG_WARN_UNREACHABLE_CODE = YES;
				"CODE_SIGN_IDENTITY[sdk=iphoneos*]" = "iPhone Developer";
				DEBUG_INFORMATION_FORMAT = "dwarf-with-dsym";
				ENABLE_STRICT_OBJC_MSGSEND = YES;
				GCC_NO_COMMON_BLOCKS = YES;
				GCC_PREPROCESSOR_DEFINITIONS = (
					"DEBUG=1",
					"$(inherited)",
				);
				GCC_WARN_64_TO_32_BIT_CONVERSION = YES;
				GCC_WARN_ABOUT_RETURN_TYPE = YES_ERROR;
				GCC_WARN_UNDECLARED_SELECTOR = YES;
				GCC_WARN_UNINITIALIZED_AUTOS = YES_AGGRESSIVE;
				GCC_WARN_UNUSED_FUNCTION = YES;
				INFOPLIST_FILE = OpenSSLWrapperTest/Info.plist;
				LD_RUNPATH_SEARCH_PATHS = "$(inherited) @executable_path/Frameworks";
				LIBRARY_SEARCH_PATHS = (
					"$(inherited)",
					"$(PROJECT_DIR)",
				);
				MTL_ENABLE_DEBUG_INFO = YES;
				ONLY_ACTIVE_ARCH = YES;
				PRODUCT_NAME = "$(TARGET_NAME)";
				TARGETED_DEVICE_FAMILY = "1,2";
			};
			name = Debug;
		};
		3D861E4F1BA306FB00DED4CC /* Release */ = {
			isa = XCBuildConfiguration;
			buildSettings = {
				ALWAYS_SEARCH_USER_PATHS = NO;
				ASSETCATALOG_COMPILER_APPICON_NAME = AppIcon;
				CLANG_CXX_LANGUAGE_STANDARD = "gnu++0x";
				CLANG_CXX_LIBRARY = "libc++";
				CLANG_ENABLE_MODULES = YES;
				CLANG_WARN_BOOL_CONVERSION = YES;
				CLANG_WARN_DIRECT_OBJC_ISA_USAGE = YES_ERROR;
				CLANG_WARN_EMPTY_BODY = YES;
				CLANG_WARN_OBJC_ROOT_CLASS = YES_ERROR;
				CLANG_WARN_UNREACHABLE_CODE = YES;
				"CODE_SIGN_IDENTITY[sdk=iphoneos*]" = "iPhone Developer";
				COPY_PHASE_STRIP = NO;
				DEBUG_INFORMATION_FORMAT = "dwarf-with-dsym";
				ENABLE_NS_ASSERTIONS = NO;
				ENABLE_STRICT_OBJC_MSGSEND = YES;
				GCC_NO_COMMON_BLOCKS = YES;
				GCC_WARN_64_TO_32_BIT_CONVERSION = YES;
				GCC_WARN_ABOUT_RETURN_TYPE = YES_ERROR;
				GCC_WARN_UNDECLARED_SELECTOR = YES;
				GCC_WARN_UNINITIALIZED_AUTOS = YES_AGGRESSIVE;
				GCC_WARN_UNUSED_FUNCTION = YES;
				INFOPLIST_FILE = OpenSSLWrapperTest/Info.plist;
				LD_RUNPATH_SEARCH_PATHS = "$(inherited) @executable_path/Frameworks";
				LIBRARY_SEARCH_PATHS = (
					"$(inherited)",
					"$(PROJECT_DIR)",
				);
				MTL_ENABLE_DEBUG_INFO = NO;
				PRODUCT_NAME = "$(TARGET_NAME)";
				TARGETED_DEVICE_FAMILY = "1,2";
			};
			name = Release;
		};
		A7AA082014825387009DE810 /* Debug */ = {
			isa = XCBuildConfiguration;
			buildSettings = {
				ALWAYS_SEARCH_USER_PATHS = YES;
				ARCHS = "$(ARCHS_STANDARD_32_BIT)";
				CLANG_ENABLE_OBJC_ARC = YES;
				CLANG_WARN_CONSTANT_CONVERSION = YES;
				CLANG_WARN_ENUM_CONVERSION = YES;
				CLANG_WARN_INT_CONVERSION = YES;
				CLANG_WARN__DUPLICATE_METHOD_MATCH = YES;
				COPY_PHASE_STRIP = NO;
				GCC_C_LANGUAGE_STANDARD = gnu99;
				GCC_DYNAMIC_NO_PIC = NO;
				GCC_OPTIMIZATION_LEVEL = 0;
				GCC_PREPROCESSOR_DEFINITIONS = (
					"DEBUG=1",
					"$(inherited)",
				);
				GCC_SYMBOLS_PRIVATE_EXTERN = NO;
				GCC_VERSION = com.apple.compilers.llvm.clang.1_0;
				GCC_WARN_ABOUT_MISSING_PROTOTYPES = YES;
				GCC_WARN_ABOUT_RETURN_TYPE = YES;
				GCC_WARN_UNINITIALIZED_AUTOS = YES;
				GCC_WARN_UNUSED_VARIABLE = YES;
				HEADER_SEARCH_PATHS = "";
				IPHONEOS_DEPLOYMENT_TARGET = 8.4;
				LIBRARY_SEARCH_PATHS = (
					"$(inherited)",
					"\"$(SRCROOT)\"",
				);
				OTHER_LDFLAGS = (
					"-force_load",
					"$(TARGET_BUILD_DIR)/libCTOpenSSLWrapper.a",
					"-ObjC",
				);
				SDKROOT = iphoneos;
				USER_HEADER_SEARCH_PATHS = include;
			};
			name = Debug;
		};
		A7AA082114825387009DE810 /* Release */ = {
			isa = XCBuildConfiguration;
			buildSettings = {
				ALWAYS_SEARCH_USER_PATHS = YES;
				ARCHS = "$(ARCHS_STANDARD_32_BIT)";
				CLANG_ENABLE_OBJC_ARC = YES;
				CLANG_WARN_CONSTANT_CONVERSION = YES;
				CLANG_WARN_ENUM_CONVERSION = YES;
				CLANG_WARN_INT_CONVERSION = YES;
				CLANG_WARN__DUPLICATE_METHOD_MATCH = YES;
				COPY_PHASE_STRIP = YES;
				GCC_C_LANGUAGE_STANDARD = gnu99;
				GCC_VERSION = com.apple.compilers.llvm.clang.1_0;
				GCC_WARN_ABOUT_MISSING_PROTOTYPES = YES;
				GCC_WARN_ABOUT_RETURN_TYPE = YES;
				GCC_WARN_UNINITIALIZED_AUTOS = YES;
				GCC_WARN_UNUSED_VARIABLE = YES;
				HEADER_SEARCH_PATHS = "";
				IPHONEOS_DEPLOYMENT_TARGET = 8.4;
				LIBRARY_SEARCH_PATHS = (
					"$(inherited)",
					"\"$(SRCROOT)\"",
				);
				OTHER_LDFLAGS = (
					"-force_load",
					"$(TARGET_BUILD_DIR)/libCTOpenSSLWrapper.a",
					"-ObjC",
				);
				SDKROOT = iphoneos;
				USER_HEADER_SEARCH_PATHS = include;
				VALIDATE_PRODUCT = YES;
			};
			name = Release;
		};
		A7AA082314825387009DE810 /* Debug */ = {
			isa = XCBuildConfiguration;
			buildSettings = {
				ARCHS = "$(ARCHS_STANDARD_32_BIT)";
				DSTROOT = /tmp/CTOpenSSLWrapper.dst;
				GCC_PRECOMPILE_PREFIX_HEADER = YES;
				GCC_PREFIX_HEADER = "CTOpenSSLWrapper/CTOpenSSLWrapper-Prefix.pch";
				GCC_THUMB_SUPPORT = NO;
				LIBRARY_SEARCH_PATHS = (
					"$(inherited)",
					"\"$(SRCROOT)/../OpenSSL\"",
					"\"$(SRCROOT)/..\"",
					"\"$(SRCROOT)\"",
				);
				OTHER_LDFLAGS = "-ObjC";
				PRODUCT_NAME = "$(TARGET_NAME)";
				SKIP_INSTALL = YES;
			};
			name = Debug;
		};
		A7AA082414825387009DE810 /* Release */ = {
			isa = XCBuildConfiguration;
			buildSettings = {
				ARCHS = "$(ARCHS_STANDARD_32_BIT)";
				DSTROOT = /tmp/CTOpenSSLWrapper.dst;
				GCC_PRECOMPILE_PREFIX_HEADER = YES;
				GCC_PREFIX_HEADER = "CTOpenSSLWrapper/CTOpenSSLWrapper-Prefix.pch";
				GCC_THUMB_SUPPORT = NO;
				LIBRARY_SEARCH_PATHS = (
					"$(inherited)",
					"\"$(SRCROOT)/../OpenSSL\"",
					"\"$(SRCROOT)/..\"",
					"\"$(SRCROOT)\"",
				);
				OTHER_LDFLAGS = "-ObjC";
				PRODUCT_NAME = "$(TARGET_NAME)";
				SKIP_INSTALL = YES;
			};
			name = Release;
		};
		A7AA082614825387009DE810 /* Debug */ = {
			isa = XCBuildConfiguration;
			buildSettings = {
				FRAMEWORK_SEARCH_PATHS = (
					"$(SDKROOT)/Developer/Library/Frameworks",
					"$(DEVELOPER_LIBRARY_DIR)/Frameworks",
				);
				GCC_PRECOMPILE_PREFIX_HEADER = YES;
				GCC_PREFIX_HEADER = "CTOpenSSLWrapper/CTOpenSSLWrapper-Prefix.pch";
				INFOPLIST_FILE = "CTOpenSSLWrapperTests/CTOpenSSLWrapperTests-Info.plist";
				LIBRARY_SEARCH_PATHS = (
					"$(inherited)",
					"\"$(SRCROOT)/../OpenSSL\"",
					"\"$(SRCROOT)\"",
				);
				PRODUCT_NAME = "$(TARGET_NAME)";
				WRAPPER_EXTENSION = octest;
			};
			name = Debug;
		};
		A7AA082714825387009DE810 /* Release */ = {
			isa = XCBuildConfiguration;
			buildSettings = {
				FRAMEWORK_SEARCH_PATHS = (
					"$(SDKROOT)/Developer/Library/Frameworks",
					"$(DEVELOPER_LIBRARY_DIR)/Frameworks",
				);
				GCC_PRECOMPILE_PREFIX_HEADER = YES;
				GCC_PREFIX_HEADER = "CTOpenSSLWrapper/CTOpenSSLWrapper-Prefix.pch";
				INFOPLIST_FILE = "CTOpenSSLWrapperTests/CTOpenSSLWrapperTests-Info.plist";
				LIBRARY_SEARCH_PATHS = (
					"$(inherited)",
					"\"$(SRCROOT)/../OpenSSL\"",
					"\"$(SRCROOT)\"",
				);
				PRODUCT_NAME = "$(TARGET_NAME)";
				WRAPPER_EXTENSION = octest;
			};
			name = Release;
		};
/* End XCBuildConfiguration section */

/* Begin XCConfigurationList section */
		3D861E4D1BA306FB00DED4CC /* Build configuration list for PBXNativeTarget "OpenSSLWrapperTest" */ = {
			isa = XCConfigurationList;
			buildConfigurations = (
				3D861E4E1BA306FB00DED4CC /* Debug */,
				3D861E4F1BA306FB00DED4CC /* Release */,
			);
			defaultConfigurationIsVisible = 0;
			defaultConfigurationName = Release;
		};
		A7AA07F814825387009DE810 /* Build configuration list for PBXProject "CTOpenSSLWrapper" */ = {
			isa = XCConfigurationList;
			buildConfigurations = (
				A7AA082014825387009DE810 /* Debug */,
				A7AA082114825387009DE810 /* Release */,
			);
			defaultConfigurationIsVisible = 0;
			defaultConfigurationName = Release;
		};
		A7AA082214825387009DE810 /* Build configuration list for PBXNativeTarget "CTOpenSSLWrapper" */ = {
			isa = XCConfigurationList;
			buildConfigurations = (
				A7AA082314825387009DE810 /* Debug */,
				A7AA082414825387009DE810 /* Release */,
			);
			defaultConfigurationIsVisible = 0;
			defaultConfigurationName = Release;
		};
		A7AA082514825387009DE810 /* Build configuration list for PBXNativeTarget "CTOpenSSLWrapperTests" */ = {
			isa = XCConfigurationList;
			buildConfigurations = (
				A7AA082614825387009DE810 /* Debug */,
				A7AA082714825387009DE810 /* Release */,
			);
			defaultConfigurationIsVisible = 0;
			defaultConfigurationName = Release;
		};
/* End XCConfigurationList section */
	};
	rootObject = A7AA07F514825387009DE810 /* Project object */;
}
